
Microsoft Visual Studio Solution File, Format Version 12.00
# Visual Studio Version 17
VisualStudioVersion = 17.6.33815.320
MinimumVisualStudioVersion = 10.0.40219.1
Project("{FAE04EC0-301F-11D3-BF4B-00C04F79EFBC}") = "xadrez-console", "xadrez-console\xadrez-console.csproj", "{3818F2A1-D8F1-4E48-B2B2-2DD3E7C4A8AD}"
EndProject
Global
	GlobalSection(SolutionConfigurationPlatforms) = preSolution
		Debug|Any CPU = Debug|Any CPU
		Release|Any CPU = Release|Any CPU
	EndGlobalSection
	GlobalSection(ProjectConfigurationPlatforms) = postSolution
		{3818F2A1-D8F1-4E48-B2B2-2DD3E7C4A8AD}.Debug|Any CPU.ActiveCfg = Debug|Any CPU
		{3818F2A1-D8F1-4E48-B2B2-2DD3E7C4A8AD}.Debug|Any CPU.Build.0 = Debug|Any CPU
		{3818F2A1-D8F1-4E48-B2B2-2DD3E7C4A8AD}.Release|Any CPU.ActiveCfg = Release|Any CPU
		{3818F2A1-D8F1-4E48-B2B2-2DD3E7C4A8AD}.Release|Any CPU.Build.0 = Release|Any CPU
	EndGlobalSection
	GlobalSection(SolutionProperties) = preSolution
		HideSolutionNode = FALSE
	EndGlobalSection
	GlobalSection(ExtensibilityGlobals) = postSolution
		SolutionGuid = {3937C655-DE20-45F8-B504-1EC63CAA92D2}
	EndGlobalSection
EndGlobal
